{
  "brandkit/renderer.py": "4e2ed7e9b9164cf5cd812c0c329b971f7b314aa33794dfa24b72627039eb0487",
  "brandkit/templates/email.html": "286ced363942512963274387b089ed86d071df7220877471619885628841cede",
  "brandkit/templates/login.html": "c73cba25903ab79483e0c592512b9d7ebedf17f1f0809b11bc56d9fc6d382b9e",
  "safety/constitution.py": "1fdb73320cbe7cfa83845993f95d52b131ff18f1aac82b5c692a6826af41bfe0",
  "safety/trusted_registry.json": "d0a884624e540f5e3b7d44e3d9a92f5b24ed3d289ff6afe9fc484e81f5e02a15"
}
